// !$*UTF8*$!
{
	archiveVersion = 1;
	classes = {
	};
	objectVersion = 77;
	objects = {

/* Begin PBXBuildFile section */
		552A58402EC0629A00F6D8C0 /* SFBAudioEngine in Frameworks */ = {isa = PBXBuildFile; productRef = 552A583F2EC0629A00F6D8C0 /* SFBAudioEngine */; };
		552CE3E52FE3263900A5C93D /* Crescendo in Frameworks */ = {isa = PBXBuildFile; productRef = 552CE3E42FE3263900A5C93D /* Crescendo */; };
		5590877F2DE0C078009E7719 /* PetrichorApp.swift in Sources */ = {isa = PBXBuildFile; fileRef = 5590877E2DE0C078009E7719 /* PetrichorApp.swift */; };
		55B0DEC12DE3A58400A41ED9 /* GRDB in Frameworks */ = {isa = PBXBuildFile; productRef = 55B0DEC02DE3A58400A41ED9 /* GRDB */; };
		55D673CF2E42CEA50095A358 /* Sparkle in Frameworks */ = {isa = PBXBuildFile; productRef = 55D673CE2E42CEA50095A358 /* Sparkle */; };
		F00DCAFE00000000000000B1 /* GRDB in Frameworks */ = {isa = PBXBuildFile; productRef = F00DCAFE00000000000000A1 /* GRDB */; };
		F00DCAFE00000000000000B2 /* SFBAudioEngine in Frameworks */ = {isa = PBXBuildFile; productRef = F00DCAFE00000000000000A2 /* SFBAudioEngine */; };
/* End PBXBuildFile section */

/* Begin PBXContainerItemProxy section */
		2F9C5F6B2FFF7C8200B3789D /* PBXContainerItemProxy */ = {
			isa = PBXContainerItemProxy;
			containerPortal = 550F4A062DB45B1A005F794E /* Project object */;
			proxyType = 1;
			remoteGlobalIDString = 2F9C5F5D2FFF7C8100B3789D;
			remoteInfo = "Chaparii-iOS";
		};
		2F9C5F752FFF7C8200B3789D /* PBXContainerItemProxy */ = {
			isa = PBXContainerItemProxy;
			containerPortal = 550F4A062DB45B1A005F794E /* Project object */;
			proxyType = 1;
			remoteGlobalIDString = 2F9C5F5D2FFF7C8100B3789D;
			remoteInfo = "Chaparii-iOS";
		};
/* End PBXContainerItemProxy section */

/* Begin PBXFileReference section */
		2F9C5F5E2FFF7C8100B3789D /* Chaparii-iOS.app */ = {isa = PBXFileReference; explicitFileType = wrapper.application; includeInIndex = 0; path = "Chaparii-iOS.app"; sourceTree = BUILT_PRODUCTS_DIR; };
		2F9C5F6A2FFF7C8200B3789D /* Chaparii-iOSTests.xctest */ = {isa = PBXFileReference; explicitFileType = wrapper.cfbundle; includeInIndex = 0; path = "Chaparii-iOSTests.xctest"; sourceTree = BUILT_PRODUCTS_DIR; };
		2F9C5F742FFF7C8200B3789D /* Chaparii-iOSUITests.xctest */ = {isa = PBXFileReference; explicitFileType = wrapper.cfbundle; includeInIndex = 0; path = "Chaparii-iOSUITests.xctest"; sourceTree = BUILT_PRODUCTS_DIR; };
		550F4A0E2DB45B1A005F794E /* Chaparii Dev.app */ = {isa = PBXFileReference; explicitFileType = wrapper.application; includeInIndex = 0; path = "Chaparii Dev.app"; sourceTree = BUILT_PRODUCTS_DIR; };
		550F4A3F2DB4786F005F794E /* .gitignore */ = {isa = PBXFileReference; lastKnownFileType = text; path = .gitignore; sourceTree = "<group>"; };
		55593A412DE019E400640247 /* README.md */ = {isa = PBXFileReference; lastKnownFileType = net.daringfireball.markdown; path = README.md; sourceTree = "<group>"; };
		55613A822E04A7230000E217 /* .swiftlint.yml */ = {isa = PBXFileReference; lastKnownFileType = text.yaml; path = .swiftlint.yml; sourceTree = "<group>"; };
		5590877E2DE0C078009E7719 /* PetrichorApp.swift */ = {isa = PBXFileReference; lastKnownFileType = sourcecode.swift; path = PetrichorApp.swift; sourceTree = "<group>"; };
		55FB816B2EC22E6E008321CA /* ACKNOWLEDGEMENTS.md */ = {isa = PBXFileReference; lastKnownFileType = net.daringfireball.markdown; path = ACKNOWLEDGEMENTS.md; sourceTree = "<group>"; };
/* End PBXFileReference section */

/* Begin PBXFileSystemSynchronizedBuildFileExceptionSet section */
		2F9C603B2FFF7CE500B3789D /* Exceptions for "Views" folder in "Chaparii-iOS" target */ = {
			isa = PBXFileSystemSynchronizedBuildFileExceptionSet;
			membershipExceptions = (
				Folders/FolderSidebarView.swift,
				Folders/FoldersView.swift,
				Home/EntityDetailView.swift,
				Home/HomeSidebarView.swift,
				Home/HomeView.swift,
				Immersive/ImmersiveView.swift,
				Library/LibrarySidebarView.swift,
				Library/LibraryView.swift,
				Library/Sheets/MergeEntitySheet.swift,
				Library/Sheets/OnlineTagUpdateSheet.swift,
				Library/Sheets/SpotifyDownloadSheet.swift,
				Library/Sheets/TagEditorSheet.swift,
				Main/ContentView.swift,
				Main/PlayerView.swift,
				Main/PlayQueueView.swift,
				Main/TrackDetailView.swift,
				Main/TrackLyricsView.swift,
				MiniPlayer/MiniPlayerView.swift,
				MiniPlayer/MiniPlayerWindowButtons.swift,
				MiniPlayer/MiniPlayerWindowConfigurator.swift,
				MiniPlayer/MiniPlayerWindowManager.swift,
				Playlists/PlaylistDetailView.swift,
				Playlists/PlaylistSidebarView.swift,
				Playlists/PlaylistsView.swift,
				Playlists/Sheets/ExportPlaylistsSheet.swift,
				Playlists/Sheets/PlaylistEditorChrome.swift,
				Playlists/Sheets/PlaylistNameField.swift,
				Playlists/Sheets/RegularPlaylistEditorSheet.swift,
				Playlists/Sheets/SmartPlaylistEditorSheet.swift,
				Settings/AboutTabView.swift,
				Settings/AppearanceTabView.swift,
				Settings/EqualizerView.swift,
				Settings/GeneralTabView.swift,
				Settings/IntegrationsTabView.swift,
				Settings/LibraryTabView.swift,
				Settings/SettingsView.swift,
				Support/ReportProblemView.swift,
			);
			target = 2F9C5F5D2FFF7C8100B3789D /* Chaparii-iOS */;
		};
		2F9C603F2FFF7D1300B3789D /* Exceptions for "Chaparii-iOS" folder in "Chaparii-iOS" target */ = {
			isa = PBXFileSystemSynchronizedBuildFileExceptionSet;
			membershipExceptions = (
				Info.plist,
			);
			target = 2F9C5F5D2FFF7C8100B3789D /* Chaparii-iOS */;
		};
		55789DCB2F8AACF300FB82A3 /* Exceptions for "Resources" folder in "Chaparii-Player" target */ = {
			isa = PBXFileSystemSynchronizedBuildFileExceptionSet;
			membershipExceptions = (
				known_artists_YYYYMMDD.txt,
			);
			target = 550F4A0D2DB45B1A005F794E /* Chaparii-Player */;
		};
		55B57E812E19E5E200E57EC3 /* Exceptions for "Scripts" folder in "Chaparii-Player" target */ = {
			isa = PBXFileSystemSynchronizedBuildFileExceptionSet;
			membershipExceptions = (
				"build-installer.sh",
			);
			target = 550F4A0D2DB45B1A005F794E /* Chaparii-Player */;
		};
/* End PBXFileSystemSynchronizedBuildFileExceptionSet section */

/* Begin PBXFileSystemSynchronizedRootGroup section */
		2F9C5F5F2FFF7C8100B3789D /* Chaparii-iOS */ = {
			isa = PBXFileSystemSynchronizedRootGroup;
			exceptions = (
				2F9C603F2FFF7D1300B3789D /* Exceptions for "Chaparii-iOS" folder in "Chaparii-iOS" target */,
			);
			path = "Chaparii-iOS";
			sourceTree = "<group>";
		};
		2F9C5F6D2FFF7C8200B3789D /* Chaparii-iOSTests */ = {
			isa = PBXFileSystemSynchronizedRootGroup;
			path = "Chaparii-iOSTests";
			sourceTree = "<group>";
		};
		2F9C5F772FFF7C8200B3789D /* Chaparii-iOSUITests */ = {
			isa = PBXFileSystemSynchronizedRootGroup;
			path = "Chaparii-iOSUITests";
			sourceTree = "<group>";
		};
		555A7BBD2E65FF88009F4922 /* Core */ = {
			isa = PBXFileSystemSynchronizedRootGroup;
			path = Core;
			sourceTree = "<group>";
		};
		559087A32DE0C09C009E7719 /* Application */ = {
			isa = PBXFileSystemSynchronizedRootGroup;
			path = Application;
			sourceTree = "<group>";
		};
		559087AA2DE0C0A2009E7719 /* Managers */ = {
			isa = PBXFileSystemSynchronizedRootGroup;
			path = Managers;
			sourceTree = "<group>";
		};
		559087B72DE0C0A5009E7719 /* Models */ = {
			isa = PBXFileSystemSynchronizedRootGroup;
			path = Models;
			sourceTree = "<group>";
		};
		559087D82DE0C0A6009E7719 /* Views */ = {
			isa = PBXFileSystemSynchronizedRootGroup;
			exceptions = (
				2F9C603B2FFF7CE500B3789D /* Exceptions for "Views" folder in "Chaparii-iOS" target */,
			);
			path = Views;
			sourceTree = "<group>";
		};
		55B57E742E19D73900E57EC3 /* Scripts */ = {
			isa = PBXFileSystemSynchronizedRootGroup;
			exceptions = (
				55B57E812E19E5E200E57EC3 /* Exceptions for "Scripts" folder in "Chaparii-Player" target */,
			);
			path = Scripts;
			sourceTree = "<group>";
		};
		55F38A7E2DF8F2F30028843B /* Utilities */ = {
			isa = PBXFileSystemSynchronizedRootGroup;
			path = Utilities;
			sourceTree = "<group>";
		};
		55F38A822DF8F2FC0028843B /* Configuration */ = {
			isa = PBXFileSystemSynchronizedRootGroup;
			path = Configuration;
			sourceTree = "<group>";
		};
		55F38A842DF8F2FE0028843B /* Resources */ = {
			isa = PBXFileSystemSynchronizedRootGroup;
			exceptions = (
				55789DCB2F8AACF300FB82A3 /* Exceptions for "Resources" folder in "Chaparii-Player" target */,
			);
			path = Resources;
			sourceTree = "<group>";
		};
/* End PBXFileSystemSynchronizedRootGroup section */

/* Begin PBXFrameworksBuildPhase section */
		2F9C5F5B2FFF7C8100B3789D /* Frameworks */ = {
			isa = PBXFrameworksBuildPhase;
			buildActionMask = 2147483647;
			files = (
				F00DCAFE00000000000000B1 /* GRDB in Frameworks */,
				F00DCAFE00000000000000B2 /* SFBAudioEngine in Frameworks */,
			);
			runOnlyForDeploymentPostprocessing = 0;
		};
		2F9C5F672FFF7C8200B3789D /* Frameworks */ = {
			isa = PBXFrameworksBuildPhase;
			buildActionMask = 2147483647;
			files = (
			);
			runOnlyForDeploymentPostprocessing = 0;
		};
		2F9C5F712FFF7C8200B3789D /* Frameworks */ = {
			isa = PBXFrameworksBuildPhase;
			buildActionMask = 2147483647;
			files = (
			);
			runOnlyForDeploymentPostprocessing = 0;
		};
		550F4A0B2DB45B1A005F794E /* Frameworks */ = {
			isa = PBXFrameworksBuildPhase;
			buildActionMask = 2147483647;
			files = (
				55B0DEC12DE3A58400A41ED9 /* GRDB in Frameworks */,
				552A58402EC0629A00F6D8C0 /* SFBAudioEngine in Frameworks */,
				55D673CF2E42CEA50095A358 /* Sparkle in Frameworks */,
				552CE3E52FE3263900A5C93D /* Crescendo in Frameworks */,
			);
			runOnlyForDeploymentPostprocessing = 0;
		};
/* End PBXFrameworksBuildPhase section */

/* Begin PBXGroup section */
		550F4A052DB45B1A005F794E = {
			isa = PBXGroup;
			children = (
				559087A32DE0C09C009E7719 /* Application */,
				559087AA2DE0C0A2009E7719 /* Managers */,
				559087B72DE0C0A5009E7719 /* Models */,
				559087D82DE0C0A6009E7719 /* Views */,
				555A7BBD2E65FF88009F4922 /* Core */,
				55F38A7E2DF8F2F30028843B /* Utilities */,
				55F38A822DF8F2FC0028843B /* Configuration */,
				55F38A842DF8F2FE0028843B /* Resources */,
				55B57E742E19D73900E57EC3 /* Scripts */,
				550F4A3F2DB4786F005F794E /* .gitignore */,
				55613A822E04A7230000E217 /* .swiftlint.yml */,
				55593A412DE019E400640247 /* README.md */,
				55FB816B2EC22E6E008321CA /* ACKNOWLEDGEMENTS.md */,
				5590877E2DE0C078009E7719 /* PetrichorApp.swift */,
				550F4A0E2DB45B1A005F794E /* Chaparii Dev.app */,
				2F9C5F5E2FFF7C8100B3789D /* Chaparii-iOS.app */,
				2F9C5F5F2FFF7C8100B3789D /* Chaparii-iOS */,
				2F9C5F6A2FFF7C8200B3789D /* Chaparii-iOSTests.xctest */,
				2F9C5F6D2FFF7C8200B3789D /* Chaparii-iOSTests */,
				2F9C5F742FFF7C8200B3789D /* Chaparii-iOSUITests.xctest */,
				2F9C5F772FFF7C8200B3789D /* Chaparii-iOSUITests */,
			);
			sourceTree = "<group>";
		};
/* End PBXGroup section */

/* Begin PBXNativeTarget section */
		2F9C5F5D2FFF7C8100B3789D /* Chaparii-iOS */ = {
			isa = PBXNativeTarget;
			buildConfigurationList = 2F9C5F822FFF7C8200B3789D /* Build configuration list for PBXNativeTarget "Chaparii-iOS" */;
			buildPhases = (
				2F9C5F5A2FFF7C8100B3789D /* Sources */,
				2F9C5F5B2FFF7C8100B3789D /* Frameworks */,
				2F9C5F5C2FFF7C8100B3789D /* Resources */,
			);
			buildRules = (
			);
			dependencies = (
			);
			fileSystemSynchronizedGroups = (
				2F9C5F5F2FFF7C8100B3789D /* Chaparii-iOS */,
				555A7BBD2E65FF88009F4922 /* Core */,
				559087A32DE0C09C009E7719 /* Application */,
				559087AA2DE0C0A2009E7719 /* Managers */,
				559087B72DE0C0A5009E7719 /* Models */,
				55F38A7E2DF8F2F30028843B /* Utilities */,
			);
			name = "Chaparii-iOS";
			packageProductDependencies = (
				F00DCAFE00000000000000A1 /* GRDB */,
				F00DCAFE00000000000000A2 /* SFBAudioEngine */,
			);
			productName = "Chaparii-iOS";
			productReference = 2F9C5F5E2FFF7C8100B3789D /* Chaparii-iOS.app */;
			productType = "com.apple.product-type.application";
		};
		2F9C5F692FFF7C8200B3789D /* Chaparii-iOSTests */ = {
			isa = PBXNativeTarget;
			buildConfigurationList = 2F9C5F832FFF7C8200B3789D /* Build configuration list for PBXNativeTarget "Chaparii-iOSTests" */;
			buildPhases = (
				2F9C5F662FFF7C8200B3789D /* Sources */,
				2F9C5F672FFF7C8200B3789D /* Frameworks */,
				2F9C5F682FFF7C8200B3789D /* Resources */,
			);
			buildRules = (
			);
			dependencies = (
				2F9C5F6C2FFF7C8200B3789D /* PBXTargetDependency */,
			);
			fileSystemSynchronizedGroups = (
				2F9C5F6D2FFF7C8200B3789D /* Chaparii-iOSTests */,
			);
			name = "Chaparii-iOSTests";
			packageProductDependencies = (
			);
			productName = "Chaparii-iOSTests";
			productReference = 2F9C5F6A2FFF7C8200B3789D /* Chaparii-iOSTests.xctest */;
			productType = "com.apple.product-type.bundle.unit-test";
		};
		2F9C5F732FFF7C8200B3789D /* Chaparii-iOSUITests */ = {
			isa = PBXNativeTarget;
			buildConfigurationList = 2F9C5F842FFF7C8200B3789D /* Build configuration list for PBXNativeTarget "Chaparii-iOSUITests" */;
			buildPhases = (
				2F9C5F702FFF7C8200B3789D /* Sources */,
				2F9C5F712FFF7C8200B3789D /* Frameworks */,
				2F9C5F722FFF7C8200B3789D /* Resources */,
			);
			buildRules = (
			);
			dependencies = (
				2F9C5F762FFF7C8200B3789D /* PBXTargetDependency */,
			);
			fileSystemSynchronizedGroups = (
				2F9C5F772FFF7C8200B3789D /* Chaparii-iOSUITests */,
			);
			name = "Chaparii-iOSUITests";
			packageProductDependencies = (
			);
			productName = "Chaparii-iOSUITests";
			productReference = 2F9C5F742FFF7C8200B3789D /* Chaparii-iOSUITests.xctest */;
			productType = "com.apple.product-type.bundle.ui-testing";
		};
		550F4A0D2DB45B1A005F794E /* Chaparii-Player */ = {
			isa = PBXNativeTarget;
			buildConfigurationList = 550F4A1A2DB45B1B005F794E /* Build configuration list for PBXNativeTarget "Chaparii-Player" */;
			buildPhases = (
				550F4A0A2DB45B1A005F794E /* Sources */,
				550F4A0B2DB45B1A005F794E /* Frameworks */,
				550F4A0C2DB45B1A005F794E /* Resources */,
			);
			buildRules = (
			);
			dependencies = (
			);
			fileSystemSynchronizedGroups = (
				555A7BBD2E65FF88009F4922 /* Core */,
				559087A32DE0C09C009E7719 /* Application */,
				559087AA2DE0C0A2009E7719 /* Managers */,
				559087B72DE0C0A5009E7719 /* Models */,
				559087D82DE0C0A6009E7719 /* Views */,
				55B57E742E19D73900E57EC3 /* Scripts */,
				55F38A7E2DF8F2F30028843B /* Utilities */,
				55F38A842DF8F2FE0028843B /* Resources */,
			);
			name = "Chaparii-Player";
			packageProductDependencies = (
				55B0DEC02DE3A58400A41ED9 /* GRDB */,
				55D673CE2E42CEA50095A358 /* Sparkle */,
				552A583F2EC0629A00F6D8C0 /* SFBAudioEngine */,
				552CE3E42FE3263900A5C93D /* Crescendo */,
			);
			productName = "Chaparii-Player";
			productReference = 550F4A0E2DB45B1A005F794E /* Chaparii Dev.app */;
			productType = "com.apple.product-type.application";
		};
/* End PBXNativeTarget section */

/* Begin PBXProject section */
		550F4A062DB45B1A005F794E /* Project object */ = {
			isa = PBXProject;
			attributes = {
				BuildIndependentTargetsInParallel = 1;
				LastSwiftUpdateCheck = 2650;
				LastUpgradeCheck = 2610;
				TargetAttributes = {
					2F9C5F5D2FFF7C8100B3789D = {
						CreatedOnToolsVersion = 26.5;
					};
					2F9C5F692FFF7C8200B3789D = {
						CreatedOnToolsVersion = 26.5;
						TestTargetID = 2F9C5F5D2FFF7C8100B3789D;
					};
					2F9C5F732FFF7C8200B3789D = {
						CreatedOnToolsVersion = 26.5;
						TestTargetID = 2F9C5F5D2FFF7C8100B3789D;
					};
					550F4A0D2DB45B1A005F794E = {
						CreatedOnToolsVersion = 16.3;
					};
				};
			};
			buildConfigurationList = 550F4A092DB45B1A005F794E /* Build configuration list for PBXProject "Chaparii-Player" */;
			developmentRegion = en;
			hasScannedForEncodings = 0;
			knownRegions = (
				en,
				Base,
			);
			mainGroup = 550F4A052DB45B1A005F794E;
			minimizedProjectReferenceProxies = 1;
			packageReferences = (
				55B0DEBF2DE3A58400A41ED9 /* XCRemoteSwiftPackageReference "GRDB" */,
				55D673CD2E42CEA50095A358 /* XCRemoteSwiftPackageReference "Sparkle" */,
				552A583E2EC0629A00F6D8C0 /* XCRemoteSwiftPackageReference "SFBAudioEngine" */,
				552CE3E32FE3263900A5C93D /* XCRemoteSwiftPackageReference "CrescendoKit" */,
			);
			preferredProjectObjectVersion = 77;
			productRefGroup = 550F4A052DB45B1A005F794E;
			projectDirPath = "";
			projectRoot = "";
			targets = (
				550F4A0D2DB45B1A005F794E /* Chaparii-Player */,
				2F9C5F5D2FFF7C8100B3789D /* Chaparii-iOS */,
				2F9C5F692FFF7C8200B3789D /* Chaparii-iOSTests */,
				2F9C5F732FFF7C8200B3789D /* Chaparii-iOSUITests */,
			);
		};
/* End PBXProject section */

/* Begin PBXResourcesBuildPhase section */
		2F9C5F5C2FFF7C8100B3789D /* Resources */ = {
			isa = PBXResourcesBuildPhase;
			buildActionMask = 2147483647;
			files = (
			);
			runOnlyForDeploymentPostprocessing = 0;
		};
		2F9C5F682FFF7C8200B3789D /* Resources */ = {
			isa = PBXResourcesBuildPhase;
			buildActionMask = 2147483647;
			files = (
			);
			runOnlyForDeploymentPostprocessing = 0;
		};
		2F9C5F722FFF7C8200B3789D /* Resources */ = {
			isa = PBXResourcesBuildPhase;
			buildActionMask = 2147483647;
			files = (
			);
			runOnlyForDeploymentPostprocessing = 0;
		};
		550F4A0C2DB45B1A005F794E /* Resources */ = {
			isa = PBXResourcesBuildPhase;
			buildActionMask = 2147483647;
			files = (
			);
			runOnlyForDeploymentPostprocessing = 0;
		};
/* End PBXResourcesBuildPhase section */

/* Begin PBXSourcesBuildPhase section */
		2F9C5F5A2FFF7C8100B3789D /* Sources */ = {
			isa = PBXSourcesBuildPhase;
			buildActionMask = 2147483647;
			files = (
			);
			runOnlyForDeploymentPostprocessing = 0;
		};
		2F9C5F662FFF7C8200B3789D /* Sources */ = {
			isa = PBXSourcesBuildPhase;
			buildActionMask = 2147483647;
			files = (
			);
			runOnlyForDeploymentPostprocessing = 0;
		};
		2F9C5F702FFF7C8200B3789D /* Sources */ = {
			isa = PBXSourcesBuildPhase;
			buildActionMask = 2147483647;
			files = (
			);
			runOnlyForDeploymentPostprocessing = 0;
		};
		550F4A0A2DB45B1A005F794E /* Sources */ = {
			isa = PBXSourcesBuildPhase;
			buildActionMask = 2147483647;
			files = (
				5590877F2DE0C078009E7719 /* PetrichorApp.swift in Sources */,
			);
			runOnlyForDeploymentPostprocessing = 0;
		};
/* End PBXSourcesBuildPhase section */

/* Begin PBXTargetDependency section */
		2F9C5F6C2FFF7C8200B3789D /* PBXTargetDependency */ = {
			isa = PBXTargetDependency;
			target = 2F9C5F5D2FFF7C8100B3789D /* Chaparii-iOS */;
			targetProxy = 2F9C5F6B2FFF7C8200B3789D /* PBXContainerItemProxy */;
		};
		2F9C5F762FFF7C8200B3789D /* PBXTargetDependency */ = {
			isa = PBXTargetDependency;
			target = 2F9C5F5D2FFF7C8100B3789D /* Chaparii-iOS */;
			targetProxy = 2F9C5F752FFF7C8200B3789D /* PBXContainerItemProxy */;
		};
/* End PBXTargetDependency section */

/* Begin XCBuildConfiguration section */
		2F9C5F7C2FFF7C8200B3789D /* Debug */ = {
			isa = XCBuildConfiguration;
			buildSettings = {
				ASSETCATALOG_COMPILER_APPICON_NAME = AppIcon;
				ASSETCATALOG_COMPILER_GLOBAL_ACCENT_COLOR_NAME = AccentColor;
				CODE_SIGN_IDENTITY = "Apple Development";
				CODE_SIGN_STYLE = Automatic;
				CURRENT_PROJECT_VERSION = 1;
				DEVELOPMENT_TEAM = P56TNDWVX7;
				ENABLE_PREVIEWS = YES;
				GENERATE_INFOPLIST_FILE = YES;
				INFOPLIST_FILE = "Chaparii-iOS/Info.plist";
				INFOPLIST_KEY_CFBundleDisplayName = Chaparii;
				INFOPLIST_KEY_LSApplicationCategoryType = "public.app-category.entertainment";
				INFOPLIST_KEY_LSSupportsOpeningDocumentsInPlace = YES;
				INFOPLIST_KEY_UIApplicationSceneManifest_Generation = YES;
				INFOPLIST_KEY_UIApplicationSupportsIndirectInputEvents = YES;
				INFOPLIST_KEY_UILaunchScreen_Generation = YES;
				INFOPLIST_KEY_UISupportedInterfaceOrientations_iPad = "UIInterfaceOrientationPortrait UIInterfaceOrientationPortraitUpsideDown UIInterfaceOrientationLandscapeLeft UIInterfaceOrientationLandscapeRight";
				INFOPLIST_KEY_UISupportedInterfaceOrientations_iPhone = "UIInterfaceOrientationPortrait UIInterfaceOrientationLandscapeLeft UIInterfaceOrientationLandscapeRight";
				IPHONEOS_DEPLOYMENT_TARGET = 26.5;
				LD_RUNPATH_SEARCH_PATHS = (
					"$(inherited)",
					"@executable_path/Frameworks",
				);
				MARKETING_VERSION = 1.0;
				PRODUCT_BUNDLE_IDENTIFIER = "com.chaparii.player.ios.Chaparii-iOS";
				PRODUCT_NAME = "$(TARGET_NAME)";
				PROVISIONING_PROFILE_SPECIFIER = "";
				SDKROOT = iphoneos;
				STRING_CATALOG_GENERATE_SYMBOLS = YES;
				SWIFT_APPROACHABLE_CONCURRENCY = YES;
				SWIFT_DEFAULT_ACTOR_ISOLATION = nonisolated;
				SWIFT_EMIT_LOC_STRINGS = YES;
				SWIFT_UPCOMING_FEATURE_MEMBER_IMPORT_VISIBILITY = YES;
				SWIFT_VERSION = 5.0;
				TARGETED_DEVICE_FAMILY = "1,2";
			};
			name = Debug;
		};
		2F9C5F7D2FFF7C8200B3789D /* Release */ = {
			isa = XCBuildConfiguration;
			buildSettings = {
				ASSETCATALOG_COMPILER_APPICON_NAME = AppIcon;
				ASSETCATALOG_COMPILER_GLOBAL_ACCENT_COLOR_NAME = AccentColor;
				CODE_SIGN_IDENTITY = "Apple Development";
				CODE_SIGN_STYLE = Manual;
				CURRENT_PROJECT_VERSION = 1;
				DEVELOPMENT_TEAM = "";
				ENABLE_PREVIEWS = YES;
				GENERATE_INFOPLIST_FILE = YES;
				INFOPLIST_FILE = "Chaparii-iOS/Info.plist";
				INFOPLIST_KEY_CFBundleDisplayName = Chaparii;
				INFOPLIST_KEY_LSApplicationCategoryType = "public.app-category.entertainment";
				INFOPLIST_KEY_LSSupportsOpeningDocumentsInPlace = YES;
				INFOPLIST_KEY_UIApplicationSceneManifest_Generation = YES;
				INFOPLIST_KEY_UIApplicationSupportsIndirectInputEvents = YES;
				INFOPLIST_KEY_UILaunchScreen_Generation = YES;
				INFOPLIST_KEY_UISupportedInterfaceOrientations_iPad = "UIInterfaceOrientationPortrait UIInterfaceOrientationPortraitUpsideDown UIInterfaceOrientationLandscapeLeft UIInterfaceOrientationLandscapeRight";
				INFOPLIST_KEY_UISupportedInterfaceOrientations_iPhone = "UIInterfaceOrientationPortrait UIInterfaceOrientationLandscapeLeft UIInterfaceOrientationLandscapeRight";
				IPHONEOS_DEPLOYMENT_TARGET = 26.5;
				LD_RUNPATH_SEARCH_PATHS = (
					"$(inherited)",
					"@executable_path/Frameworks",
				);
				MARKETING_VERSION = 1.0;
				PRODUCT_BUNDLE_IDENTIFIER = "com.chaparii.player.ios.Chaparii-iOS";
				PRODUCT_NAME = "$(TARGET_NAME)";
				PROVISIONING_PROFILE_SPECIFIER = "";
				SDKROOT = iphoneos;
				STRING_CATALOG_GENERATE_SYMBOLS = YES;
				SWIFT_APPROACHABLE_CONCURRENCY = YES;
				SWIFT_DEFAULT_ACTOR_ISOLATION = nonisolated;
				SWIFT_EMIT_LOC_STRINGS = YES;
				SWIFT_UPCOMING_FEATURE_MEMBER_IMPORT_VISIBILITY = YES;
				SWIFT_VERSION = 5.0;
				TARGETED_DEVICE_FAMILY = "1,2";
				VALIDATE_PRODUCT = YES;
			};
			name = Release;
		};
		2F9C5F7E2FFF7C8200B3789D /* Debug */ = {
			isa = XCBuildConfiguration;
			buildSettings = {
				BUNDLE_LOADER = "$(TEST_HOST)";
				CODE_SIGN_STYLE = Automatic;
				CURRENT_PROJECT_VERSION = 1;
				DEVELOPMENT_TEAM = P56TNDWVX7;
				GENERATE_INFOPLIST_FILE = YES;
				IPHONEOS_DEPLOYMENT_TARGET = 26.5;
				MARKETING_VERSION = 1.0;
				PRODUCT_BUNDLE_IDENTIFIER = "com.chaparii.player.ios.Chaparii-iOSTests";
				PRODUCT_NAME = "$(TARGET_NAME)";
				SDKROOT = iphoneos;
				STRING_CATALOG_GENERATE_SYMBOLS = NO;
				SWIFT_APPROACHABLE_CONCURRENCY = YES;
				SWIFT_EMIT_LOC_STRINGS = NO;
				SWIFT_UPCOMING_FEATURE_MEMBER_IMPORT_VISIBILITY = YES;
				SWIFT_VERSION = 5.0;
				TARGETED_DEVICE_FAMILY = "1,2";
				TEST_HOST = "$(BUILT_PRODUCTS_DIR)/Chaparii-iOS.app/$(BUNDLE_EXECUTABLE_FOLDER_PATH)/Chaparii-iOS";
			};
			name = Debug;
		};
		2F9C5F7F2FFF7C8200B3789D /* Release */ = {
			isa = XCBuildConfiguration;
			buildSettings = {
				BUNDLE_LOADER = "$(TEST_HOST)";
				CODE_SIGN_STYLE = Automatic;
				CURRENT_PROJECT_VERSION = 1;
				DEVELOPMENT_TEAM = P56TNDWVX7;
				GENERATE_INFOPLIST_FILE = YES;
				IPHONEOS_DEPLOYMENT_TARGET = 26.5;
				MARKETING_VERSION = 1.0;
				PRODUCT_BUNDLE_IDENTIFIER = "com.chaparii.player.ios.Chaparii-iOSTests";
				PRODUCT_NAME = "$(TARGET_NAME)";
				SDKROOT = iphoneos;
				STRING_CATALOG_GENERATE_SYMBOLS = NO;
				SWIFT_APPROACHABLE_CONCURRENCY = YES;
				SWIFT_EMIT_LOC_STRINGS = NO;
				SWIFT_UPCOMING_FEATURE_MEMBER_IMPORT_VISIBILITY = YES;
				SWIFT_VERSION = 5.0;
				TARGETED_DEVICE_FAMILY = "1,2";
				TEST_HOST = "$(BUILT_PRODUCTS_DIR)/Chaparii-iOS.app/$(BUNDLE_EXECUTABLE_FOLDER_PATH)/Chaparii-iOS";
				VALIDATE_PRODUCT = YES;
			};
			name = Release;
		};
		2F9C5F802FFF7C8200B3789D /* Debug */ = {
			isa = XCBuildConfiguration;
			buildSettings = {
				CODE_SIGN_STYLE = Automatic;
				CURRENT_PROJECT_VERSION = 1;
				DEVELOPMENT_TEAM = P56TNDWVX7;
				GENERATE_INFOPLIST_FILE = YES;
				IPHONEOS_DEPLOYMENT_TARGET = 26.5;
				MARKETING_VERSION = 1.0;
				PRODUCT_BUNDLE_IDENTIFIER = "com.chaparii.player.ios.Chaparii-iOSUITests";
				PRODUCT_NAME = "$(TARGET_NAME)";
				SDKROOT = iphoneos;
				STRING_CATALOG_GENERATE_SYMBOLS = NO;
				SWIFT_APPROACHABLE_CONCURRENCY = YES;
				SWIFT_EMIT_LOC_STRINGS = NO;
				SWIFT_UPCOMING_FEATURE_MEMBER_IMPORT_VISIBILITY = YES;
				SWIFT_VERSION = 5.0;
				TARGETED_DEVICE_FAMILY = "1,2";
				TEST_TARGET_NAME = "Chaparii-iOS";
			};
			name = Debug;
		};
		2F9C5F812FFF7C8200B3789D /* Release */ = {
			isa = XCBuildConfiguration;
			buildSettings = {
				CODE_SIGN_STYLE = Automatic;
				CURRENT_PROJECT_VERSION = 1;
				DEVELOPMENT_TEAM = P56TNDWVX7;
				GENERATE_INFOPLIST_FILE = YES;
				IPHONEOS_DEPLOYMENT_TARGET = 26.5;
				MARKETING_VERSION = 1.0;
				PRODUCT_BUNDLE_IDENTIFIER = "com.chaparii.player.ios.Chaparii-iOSUITests";
				PRODUCT_NAME = "$(TARGET_NAME)";
				SDKROOT = iphoneos;
				STRING_CATALOG_GENERATE_SYMBOLS = NO;
				SWIFT_APPROACHABLE_CONCURRENCY = YES;
				SWIFT_EMIT_LOC_STRINGS = NO;
				SWIFT_UPCOMING_FEATURE_MEMBER_IMPORT_VISIBILITY = YES;
				SWIFT_VERSION = 5.0;
				TARGETED_DEVICE_FAMILY = "1,2";
				TEST_TARGET_NAME = "Chaparii-iOS";
				VALIDATE_PRODUCT = YES;
			};
			name = Release;
		};
		550F4A182DB45B1B005F794E /* Debug */ = {
			isa = XCBuildConfiguration;
			buildSettings = {
				ALWAYS_SEARCH_USER_PATHS = NO;
				ASSETCATALOG_COMPILER_GENERATE_SWIFT_ASSET_SYMBOL_EXTENSIONS = YES;
				CLANG_ANALYZER_NONNULL = YES;
				CLANG_ANALYZER_NUMBER_OBJECT_CONVERSION = YES_AGGRESSIVE;
				CLANG_CXX_LANGUAGE_STANDARD = "gnu++20";
				CLANG_ENABLE_MODULES = YES;
				CLANG_ENABLE_OBJC_ARC = YES;
				CLANG_ENABLE_OBJC_WEAK = YES;
				CLANG_WARN_BLOCK_CAPTURE_AUTORELEASING = YES;
				CLANG_WARN_BOOL_CONVERSION = YES;
				CLANG_WARN_COMMA = YES;
				CLANG_WARN_CONSTANT_CONVERSION = YES;
				CLANG_WARN_DEPRECATED_OBJC_IMPLEMENTATIONS = YES;
				CLANG_WARN_DIRECT_OBJC_ISA_USAGE = YES_ERROR;
				CLANG_WARN_DOCUMENTATION_COMMENTS = YES;
				CLANG_WARN_EMPTY_BODY = YES;
				CLANG_WARN_ENUM_CONVERSION = YES;
				CLANG_WARN_INFINITE_RECURSION = YES;
				CLANG_WARN_INT_CONVERSION = YES;
				CLANG_WARN_NON_LITERAL_NULL_CONVERSION = YES;
				CLANG_WARN_OBJC_IMPLICIT_RETAIN_SELF = YES;
				CLANG_WARN_OBJC_LITERAL_CONVERSION = YES;
				CLANG_WARN_OBJC_ROOT_CLASS = YES_ERROR;
				CLANG_WARN_QUOTED_INCLUDE_IN_FRAMEWORK_HEADER = YES;
				CLANG_WARN_RANGE_LOOP_ANALYSIS = YES;
				CLANG_WARN_STRICT_PROTOTYPES = YES;
				CLANG_WARN_SUSPICIOUS_MOVE = YES;
				CLANG_WARN_UNGUARDED_AVAILABILITY = YES_AGGRESSIVE;
				CLANG_WARN_UNREACHABLE_CODE = YES;
				CLANG_WARN__DUPLICATE_METHOD_MATCH = YES;
				COPY_PHASE_STRIP = NO;
				DEAD_CODE_STRIPPING = YES;
				DEBUG_INFORMATION_FORMAT = dwarf;
				DEVELOPMENT_TEAM = NFX3669R4H;
				ENABLE_STRICT_OBJC_MSGSEND = YES;
				ENABLE_TESTABILITY = YES;
				ENABLE_USER_SCRIPT_SANDBOXING = YES;
				GCC_C_LANGUAGE_STANDARD = gnu17;
				GCC_DYNAMIC_NO_PIC = NO;
				GCC_NO_COMMON_BLOCKS = YES;
				GCC_OPTIMIZATION_LEVEL = 0;
				GCC_PREPROCESSOR_DEFINITIONS = (
					"DEBUG=1",
					"$(inherited)",
				);
				GCC_WARN_64_TO_32_BIT_CONVERSION = YES;
				GCC_WARN_ABOUT_RETURN_TYPE = YES_ERROR;
				GCC_WARN_UNDECLARED_SELECTOR = YES;
				GCC_WARN_UNINITIALIZED_AUTOS = YES_AGGRESSIVE;
				GCC_WARN_UNUSED_FUNCTION = YES;
				GCC_WARN_UNUSED_VARIABLE = YES;
				LOCALIZATION_PREFERS_STRING_CATALOGS = YES;
				MTL_ENABLE_DEBUG_INFO = INCLUDE_SOURCE;
				MTL_FAST_MATH = YES;
				ONLY_ACTIVE_ARCH = YES;
				STRING_CATALOG_GENERATE_SYMBOLS = YES;
				SWIFT_ACTIVE_COMPILATION_CONDITIONS = "DEBUG $(inherited)";
				SWIFT_OPTIMIZATION_LEVEL = "-Onone";
			};
			name = Debug;
		};
		550F4A192DB45B1B005F794E /* Release */ = {
			isa = XCBuildConfiguration;
			buildSettings = {
				ALWAYS_SEARCH_USER_PATHS = NO;
				ASSETCATALOG_COMPILER_GENERATE_SWIFT_ASSET_SYMBOL_EXTENSIONS = YES;
				CLANG_ANALYZER_NONNULL = YES;
				CLANG_ANALYZER_NUMBER_OBJECT_CONVERSION = YES_AGGRESSIVE;
				CLANG_CXX_LANGUAGE_STANDARD = "gnu++20";
				CLANG_ENABLE_MODULES = YES;
				CLANG_ENABLE_OBJC_ARC = YES;
				CLANG_ENABLE_OBJC_WEAK = YES;
				CLANG_WARN_BLOCK_CAPTURE_AUTORELEASING = YES;
				CLANG_WARN_BOOL_CONVERSION = YES;
				CLANG_WARN_COMMA = YES;
				CLANG_WARN_CONSTANT_CONVERSION = YES;
				CLANG_WARN_DEPRECATED_OBJC_IMPLEMENTATIONS = YES;
				CLANG_WARN_DIRECT_OBJC_ISA_USAGE = YES_ERROR;
				CLANG_WARN_DOCUMENTATION_COMMENTS = YES;
				CLANG_WARN_EMPTY_BODY = YES;
				CLANG_WARN_ENUM_CONVERSION = YES;
				CLANG_WARN_INFINITE_RECURSION = YES;
				CLANG_WARN_INT_CONVERSION = YES;
				CLANG_WARN_NON_LITERAL_NULL_CONVERSION = YES;
				CLANG_WARN_OBJC_IMPLICIT_RETAIN_SELF = YES;
				CLANG_WARN_OBJC_LITERAL_CONVERSION = YES;
				CLANG_WARN_OBJC_ROOT_CLASS = YES_ERROR;
				CLANG_WARN_QUOTED_INCLUDE_IN_FRAMEWORK_HEADER = YES;
				CLANG_WARN_RANGE_LOOP_ANALYSIS = YES;
				CLANG_WARN_STRICT_PROTOTYPES = YES;
				CLANG_WARN_SUSPICIOUS_MOVE = YES;
				CLANG_WARN_UNGUARDED_AVAILABILITY = YES_AGGRESSIVE;
				CLANG_WARN_UNREACHABLE_CODE = YES;
				CLANG_WARN__DUPLICATE_METHOD_MATCH = YES;
				COPY_PHASE_STRIP = NO;
				DEAD_CODE_STRIPPING = YES;
				DEBUG_INFORMATION_FORMAT = "dwarf-with-dsym";
				DEVELOPMENT_TEAM = NFX3669R4H;
				ENABLE_NS_ASSERTIONS = NO;
				ENABLE_STRICT_OBJC_MSGSEND = YES;
				ENABLE_USER_SCRIPT_SANDBOXING = YES;
				GCC_C_LANGUAGE_STANDARD = gnu17;
				GCC_NO_COMMON_BLOCKS = YES;
				GCC_WARN_64_TO_32_BIT_CONVERSION = YES;
				GCC_WARN_ABOUT_RETURN_TYPE = YES_ERROR;
				GCC_WARN_UNDECLARED_SELECTOR = YES;
				GCC_WARN_UNINITIALIZED_AUTOS = YES_AGGRESSIVE;
				GCC_WARN_UNUSED_FUNCTION = YES;
				GCC_WARN_UNUSED_VARIABLE = YES;
				LOCALIZATION_PREFERS_STRING_CATALOGS = YES;
				MTL_ENABLE_DEBUG_INFO = NO;
				MTL_FAST_MATH = YES;
				STRING_CATALOG_GENERATE_SYMBOLS = YES;
				SWIFT_COMPILATION_MODE = wholemodule;
			};
			name = Release;
		};
		550F4A1B2DB45B1B005F794E /* Debug */ = {
			isa = XCBuildConfiguration;
			baseConfigurationReferenceAnchor = 55F38A822DF8F2FC0028843B /* Configuration */;
			baseConfigurationReferenceRelativePath = Secrets.xcconfig;
			buildSettings = {
				ASSETCATALOG_COMPILER_APPICON_NAME = AppIcon;
				ASSETCATALOG_COMPILER_GLOBAL_ACCENT_COLOR_NAME = AccentColor;
				ASSETCATALOG_COMPILER_INCLUDE_ALL_APPICON_ASSETS = YES;
				CODE_SIGN_ENTITLEMENTS = Configuration/Petrichor.entitlements;
				"CODE_SIGN_IDENTITY[sdk=macosx*]" = "-";
				CODE_SIGN_STYLE = Manual;
				CURRENT_PROJECT_VERSION = 999;
				DEAD_CODE_STRIPPING = YES;
				DEVELOPMENT_TEAM = "";
				ENABLE_APP_SANDBOX = NO;
				ENABLE_HARDENED_RUNTIME = YES;
				ENABLE_INCOMING_NETWORK_CONNECTIONS = NO;
				ENABLE_OUTGOING_NETWORK_CONNECTIONS = YES;
				ENABLE_PREVIEWS = YES;
				ENABLE_RESOURCE_ACCESS_AUDIO_INPUT = NO;
				ENABLE_RESOURCE_ACCESS_BLUETOOTH = NO;
				ENABLE_RESOURCE_ACCESS_CALENDARS = NO;
				ENABLE_RESOURCE_ACCESS_CAMERA = NO;
				ENABLE_RESOURCE_ACCESS_CONTACTS = NO;
				ENABLE_RESOURCE_ACCESS_LOCATION = NO;
				ENABLE_RESOURCE_ACCESS_PRINTING = NO;
				ENABLE_RESOURCE_ACCESS_USB = NO;
				ENABLE_USER_SELECTED_FILES = readwrite;
				GENERATE_INFOPLIST_FILE = NO;
				INFOPLIST_FILE = Configuration/Info.plist;
				INFOPLIST_KEY_CFBundleDisplayName = Chaparii;
				INFOPLIST_KEY_LSApplicationCategoryType = "public.app-category.music";
				LD_RUNPATH_SEARCH_PATHS = "@executable_path/Frameworks";
				"LD_RUNPATH_SEARCH_PATHS[sdk=macosx*]" = "@executable_path/../Frameworks";
				MACOSX_DEPLOYMENT_TARGET = 14.0;
				MARKETING_VERSION = "Development Build";
				"OTHER_CODE_SIGN_FLAGS[sdk=*]" = "--timestamp";
				PRODUCT_BUNDLE_IDENTIFIER = com.chaparii.player.debug;
				PRODUCT_MODULE_NAME = Chaparii_Player;
				PRODUCT_NAME = "Chaparii Dev";
				PROVISIONING_PROFILE_SPECIFIER = "";
				REGISTER_APP_GROUPS = YES;
				SDKROOT = auto;
				SUPPORTED_PLATFORMS = macosx;
				SWIFT_EMIT_LOC_STRINGS = YES;
				SWIFT_VERSION = 5.0;
			};
			name = Debug;
		};
		550F4A1C2DB45B1B005F794E /* Release */ = {
			isa = XCBuildConfiguration;
			baseConfigurationReferenceAnchor = 55F38A822DF8F2FC0028843B /* Configuration */;
			baseConfigurationReferenceRelativePath = Secrets.xcconfig;
			buildSettings = {
				ASSETCATALOG_COMPILER_APPICON_NAME = AppIcon;
				ASSETCATALOG_COMPILER_GLOBAL_ACCENT_COLOR_NAME = AccentColor;
				ASSETCATALOG_COMPILER_INCLUDE_ALL_APPICON_ASSETS = YES;
				CODE_SIGN_ENTITLEMENTS = Configuration/Petrichor.entitlements;
				"CODE_SIGN_IDENTITY[sdk=macosx*]" = "Developer ID Application";
				CODE_SIGN_STYLE = Manual;
				CURRENT_PROJECT_VERSION = 152;
				DEAD_CODE_STRIPPING = YES;
				DEVELOPMENT_TEAM = "";
				"DEVELOPMENT_TEAM[sdk=macosx*]" = "";
				ENABLE_APP_SANDBOX = NO;
				ENABLE_HARDENED_RUNTIME = YES;
				ENABLE_INCOMING_NETWORK_CONNECTIONS = NO;
				ENABLE_OUTGOING_NETWORK_CONNECTIONS = YES;
				ENABLE_PREVIEWS = YES;
				ENABLE_RESOURCE_ACCESS_AUDIO_INPUT = NO;
				ENABLE_RESOURCE_ACCESS_BLUETOOTH = NO;
				ENABLE_RESOURCE_ACCESS_CALENDARS = NO;
				ENABLE_RESOURCE_ACCESS_CAMERA = NO;
				ENABLE_RESOURCE_ACCESS_CONTACTS = NO;
				ENABLE_RESOURCE_ACCESS_LOCATION = NO;
				ENABLE_RESOURCE_ACCESS_PRINTING = NO;
				ENABLE_RESOURCE_ACCESS_USB = NO;
				ENABLE_USER_SELECTED_FILES = readwrite;
				GENERATE_INFOPLIST_FILE = NO;
				INFOPLIST_FILE = Configuration/Info.plist;
				INFOPLIST_KEY_CFBundleDisplayName = Chaparii;
				INFOPLIST_KEY_LSApplicationCategoryType = "public.app-category.music";
				LD_RUNPATH_SEARCH_PATHS = "@executable_path/Frameworks";
				"LD_RUNPATH_SEARCH_PATHS[sdk=macosx*]" = "@executable_path/../Frameworks";
				MACOSX_DEPLOYMENT_TARGET = 14.0;
				MARKETING_VERSION = "Development Build";
				"OTHER_CODE_SIGN_FLAGS[sdk=*]" = "--timestamp";
				PRODUCT_BUNDLE_IDENTIFIER = com.chaparii.player;
				PRODUCT_NAME = Chaparii;
				PROVISIONING_PROFILE_SPECIFIER = "";
				REGISTER_APP_GROUPS = YES;
				SDKROOT = auto;
				SUPPORTED_PLATFORMS = macosx;
				SWIFT_EMIT_LOC_STRINGS = YES;
				SWIFT_VERSION = 5.0;
			};
			name = Release;
		};
/* End XCBuildConfiguration section */

/* Begin XCConfigurationList section */
		2F9C5F822FFF7C8200B3789D /* Build configuration list for PBXNativeTarget "Chaparii-iOS" */ = {
			isa = XCConfigurationList;
			buildConfigurations = (
				2F9C5F7C2FFF7C8200B3789D /* Debug */,
				2F9C5F7D2FFF7C8200B3789D /* Release */,
			);
			defaultConfigurationIsVisible = 0;
			defaultConfigurationName = Release;
		};
		2F9C5F832FFF7C8200B3789D /* Build configuration list for PBXNativeTarget "Chaparii-iOSTests" */ = {
			isa = XCConfigurationList;
			buildConfigurations = (
				2F9C5F7E2FFF7C8200B3789D /* Debug */,
				2F9C5F7F2FFF7C8200B3789D /* Release */,
			);
			defaultConfigurationIsVisible = 0;
			defaultConfigurationName = Release;
		};
		2F9C5F842FFF7C8200B3789D /* Build configuration list for PBXNativeTarget "Chaparii-iOSUITests" */ = {
			isa = XCConfigurationList;
			buildConfigurations = (
				2F9C5F802FFF7C8200B3789D /* Debug */,
				2F9C5F812FFF7C8200B3789D /* Release */,
			);
			defaultConfigurationIsVisible = 0;
			defaultConfigurationName = Release;
		};
		550F4A092DB45B1A005F794E /* Build configuration list for PBXProject "Chaparii-Player" */ = {
			isa = XCConfigurationList;
			buildConfigurations = (
				550F4A182DB45B1B005F794E /* Debug */,
				550F4A192DB45B1B005F794E /* Release */,
			);
			defaultConfigurationIsVisible = 0;
			defaultConfigurationName = Release;
		};
		550F4A1A2DB45B1B005F794E /* Build configuration list for PBXNativeTarget "Chaparii-Player" */ = {
			isa = XCConfigurationList;
			buildConfigurations = (
				550F4A1B2DB45B1B005F794E /* Debug */,
				550F4A1C2DB45B1B005F794E /* Release */,
			);
			defaultConfigurationIsVisible = 0;
			defaultConfigurationName = Release;
		};
/* End XCConfigurationList section */

/* Begin XCRemoteSwiftPackageReference section */
		552A583E2EC0629A00F6D8C0 /* XCRemoteSwiftPackageReference "SFBAudioEngine" */ = {
			isa = XCRemoteSwiftPackageReference;
			repositoryURL = "https://github.com/sbooth/SFBAudioEngine";
			requirement = {
				kind = upToNextMajorVersion;
				minimumVersion = 0.7.2;
			};
		};
		552CE3E32FE3263900A5C93D /* XCRemoteSwiftPackageReference "CrescendoKit" */ = {
			isa = XCRemoteSwiftPackageReference;
			repositoryURL = "https://github.com/kushalpandya/CrescendoKit";
			requirement = {
				kind = upToNextMajorVersion;
				minimumVersion = 1.1.0;
			};
		};
		55B0DEBF2DE3A58400A41ED9 /* XCRemoteSwiftPackageReference "GRDB" */ = {
			isa = XCRemoteSwiftPackageReference;
			repositoryURL = "https://github.com/groue/GRDB.swift";
			requirement = {
				kind = upToNextMajorVersion;
				minimumVersion = 7.5.0;
			};
		};
		55D673CD2E42CEA50095A358 /* XCRemoteSwiftPackageReference "Sparkle" */ = {
			isa = XCRemoteSwiftPackageReference;
			repositoryURL = "https://github.com/sparkle-project/Sparkle";
			requirement = {
				kind = upToNextMajorVersion;
				minimumVersion = 2.7.1;
			};
		};
/* End XCRemoteSwiftPackageReference section */

/* Begin XCSwiftPackageProductDependency section */
		552A583F2EC0629A00F6D8C0 /* SFBAudioEngine */ = {
			isa = XCSwiftPackageProductDependency;
			package = 552A583E2EC0629A00F6D8C0 /* XCRemoteSwiftPackageReference "SFBAudioEngine" */;
			productName = SFBAudioEngine;
		};
		552CE3E42FE3263900A5C93D /* Crescendo */ = {
			isa = XCSwiftPackageProductDependency;
			package = 552CE3E32FE3263900A5C93D /* XCRemoteSwiftPackageReference "CrescendoKit" */;
			productName = Crescendo;
		};
		55B0DEC02DE3A58400A41ED9 /* GRDB */ = {
			isa = XCSwiftPackageProductDependency;
			package = 55B0DEBF2DE3A58400A41ED9 /* XCRemoteSwiftPackageReference "GRDB" */;
			productName = GRDB;
		};
		55D673CE2E42CEA50095A358 /* Sparkle */ = {
			isa = XCSwiftPackageProductDependency;
			package = 55D673CD2E42CEA50095A358 /* XCRemoteSwiftPackageReference "Sparkle" */;
			productName = Sparkle;
		};
		F00DCAFE00000000000000A1 /* GRDB */ = {
			isa = XCSwiftPackageProductDependency;
			package = 55B0DEBF2DE3A58400A41ED9 /* XCRemoteSwiftPackageReference "GRDB" */;
			productName = GRDB;
		};
		F00DCAFE00000000000000A2 /* SFBAudioEngine */ = {
			isa = XCSwiftPackageProductDependency;
			package = 552A583E2EC0629A00F6D8C0 /* XCRemoteSwiftPackageReference "SFBAudioEngine" */;
			productName = SFBAudioEngine;
		};
/* End XCSwiftPackageProductDependency section */
	};
	rootObject = 550F4A062DB45B1A005F794E /* Project object */;
}
